
Microsoft Visual Studio Solution File, Format Version 12.00
# Visual Studio Version 16
VisualStudioVersion = 25.0.1704.4
MinimumVisualStudioVersion = 10.0.40219.1
Project("{FAE04EC0-301F-11D3-BF4B-00C04F79EFBC}") = "OpenWeatherMap", "OpenWeatherMap\OpenWeatherMap.csproj", "{57075268-C063-4774-AB92-900B6EB334C2}"
EndProject
Global
	GlobalSection(SolutionConfigurationPlatforms) = preSolution
		Debug|Any CPU = Debug|Any CPU
		Release|Any CPU = Release|Any CPU
	EndGlobalSection
	GlobalSection(ProjectConfigurationPlatforms) = postSolution
		{57075268-C063-4774-AB92-900B6EB334C2}.Debug|Any CPU.ActiveCfg = Debug|Any CPU
		{57075268-C063-4774-AB92-900B6EB334C2}.Debug|Any CPU.Build.0 = Debug|Any CPU
		{57075268-C063-4774-AB92-900B6EB334C2}.Release|Any CPU.ActiveCfg = Release|Any CPU
		{57075268-C063-4774-AB92-900B6EB334C2}.Release|Any CPU.Build.0 = Release|Any CPU
	EndGlobalSection
	GlobalSection(SolutionProperties) = preSolution
		HideSolutionNode = FALSE
	EndGlobalSection
	GlobalSection(ExtensibilityGlobals) = postSolution
		SolutionGuid = {7D9B09B1-977F-4E89-AF32-2D0C36496766}
	EndGlobalSection
EndGlobal
